
Microsoft Visual Studio Solution File, Format Version 12.00
# Visual Studio 15
VisualStudioVersion = 15.0.27130.0
MinimumVisualStudioVersion = 10.0.40219.1
Project("{9A19103F-16F7-4668-BE54-9A1E7A4F7556}") = "BasicAccountFilter", "BasicAccountFilter\BasicAccountFilter.csproj", "{A889E094-C518-41B9-B04F-7DC3F17A7005}"
EndProject
Global
	GlobalSection(SolutionConfigurationPlatforms) = preSolution
		Debug|Any CPU = Debug|Any CPU
		Release|Any CPU = Release|Any CPU
	EndGlobalSection
	GlobalSection(ProjectConfigurationPlatforms) = postSolution
		{A889E094-C518-41B9-B04F-7DC3F17A7005}.Debug|Any CPU.ActiveCfg = Debug|Any CPU
		{A889E094-C518-41B9-B04F-7DC3F17A7005}.Debug|Any CPU.Build.0 = Debug|Any CPU
		{A889E094-C518-41B9-B04F-7DC3F17A7005}.Release|Any CPU.ActiveCfg = Release|Any CPU
		{A889E094-C518-41B9-B04F-7DC3F17A7005}.Release|Any CPU.Build.0 = Release|Any CPU
	EndGlobalSection
	GlobalSection(SolutionProperties) = preSolution
		HideSolutionNode = FALSE
	EndGlobalSection
	GlobalSection(ExtensibilityGlobals) = postSolution
		SolutionGuid = {226FE398-DF21-4912-8ECD-9C7B723FCE21}
	EndGlobalSection
EndGlobal
