
Microsoft Visual Studio Solution File, Format Version 12.00
# Visual Studio 14
VisualStudioVersion = 14.0.25420.1
MinimumVisualStudioVersion = 10.0.40219.1
Project("{FAE04EC0-301F-11D3-BF4B-00C04F79EFBC}") = "Scenario1.WpfClient", "Scenario1.WpfClient\Scenario1.WpfClient.csproj", "{0570C44D-C571-4159-BB6A-6570B14F492A}"
EndProject
Project("{2150E333-8FDC-42A3-9474-1A3956D46DE8}") = "UI", "UI", "{1E5B97B6-4461-4C98-AD3C-DA1F07C05F00}"
EndProject
Project("{8BB2217D-0F2D-49D1-97BC-3654ED321F3B}") = "ClientApi", "ClientApi\ClientApi.xproj", "{6E19E13F-8B9F-4765-896B-494933E9BEDD}"
EndProject
Project("{2150E333-8FDC-42A3-9474-1A3956D46DE8}") = "Api", "Api", "{64752822-5B55-4D0B-B98E-EBCC886F7024}"
EndProject
Project("{2150E333-8FDC-42A3-9474-1A3956D46DE8}") = "Samples", "Samples", "{0D9248EC-4CB7-4849-883B-85BA847A46BC}"
EndProject
Project("{8BB2217D-0F2D-49D1-97BC-3654ED321F3B}") = "Belg.Auth", "Belg.Auth\Belg.Auth.xproj", "{93DCBEF1-D72F-4A45-8711-5E111AB7E52E}"
EndProject
Project("{8BB2217D-0F2D-49D1-97BC-3654ED321F3B}") = "WsFederation", "WsFederation\WsFederation.xproj", "{8EA9F43D-3B41-40A4-88D7-68AF33F90C55}"
EndProject
Project("{8BB2217D-0F2D-49D1-97BC-3654ED321F3B}") = "WsFederation.Console", "WsFederation.Console\WsFederation.Console.xproj", "{D4798BDA-F42D-4CD2-B744-DCF1FA923E09}"
EndProject
Project("{8BB2217D-0F2D-49D1-97BC-3654ED321F3B}") = "Serilog.Console", "Serilog.Console\Serilog.Console.xproj", "{AE79027E-6B48-4780-9221-D91A8F23F889}"
EndProject
Project("{2150E333-8FDC-42A3-9474-1A3956D46DE8}") = "Serilog", "Serilog", "{F2271A82-AF59-435B-BD7C-E7179692C000}"
EndProject
Project("{8BB2217D-0F2D-49D1-97BC-3654ED321F3B}") = "Serilog.Sinks.ElasticSearch", "Serilog.Sinks.ElasticSearch\Serilog.Sinks.ElasticSearch.xproj", "{CEEC154A-1A13-4BCB-ABF5-5CED02E0C145}"
EndProject
Global
	GlobalSection(SolutionConfigurationPlatforms) = preSolution
		Debug|Any CPU = Debug|Any CPU
		Debug|x64 = Debug|x64
		Release|Any CPU = Release|Any CPU
		Release|x64 = Release|x64
	EndGlobalSection
	GlobalSection(ProjectConfigurationPlatforms) = postSolution
		{0570C44D-C571-4159-BB6A-6570B14F492A}.Debug|Any CPU.ActiveCfg = Debug|Any CPU
		{0570C44D-C571-4159-BB6A-6570B14F492A}.Debug|Any CPU.Build.0 = Debug|Any CPU
		{0570C44D-C571-4159-BB6A-6570B14F492A}.Debug|x64.ActiveCfg = Debug|x64
		{0570C44D-C571-4159-BB6A-6570B14F492A}.Debug|x64.Build.0 = Debug|x64
		{0570C44D-C571-4159-BB6A-6570B14F492A}.Release|Any CPU.ActiveCfg = Release|Any CPU
		{0570C44D-C571-4159-BB6A-6570B14F492A}.Release|Any CPU.Build.0 = Release|Any CPU
		{0570C44D-C571-4159-BB6A-6570B14F492A}.Release|x64.ActiveCfg = Release|x64
		{0570C44D-C571-4159-BB6A-6570B14F492A}.Release|x64.Build.0 = Release|x64
		{6E19E13F-8B9F-4765-896B-494933E9BEDD}.Debug|Any CPU.ActiveCfg = Debug|Any CPU
		{6E19E13F-8B9F-4765-896B-494933E9BEDD}.Debug|Any CPU.Build.0 = Debug|Any CPU
		{6E19E13F-8B9F-4765-896B-494933E9BEDD}.Debug|x64.ActiveCfg = Debug|Any CPU
		{6E19E13F-8B9F-4765-896B-494933E9BEDD}.Debug|x64.Build.0 = Debug|Any CPU
		{6E19E13F-8B9F-4765-896B-494933E9BEDD}.Release|Any CPU.ActiveCfg = Release|Any CPU
		{6E19E13F-8B9F-4765-896B-494933E9BEDD}.Release|Any CPU.Build.0 = Release|Any CPU
		{6E19E13F-8B9F-4765-896B-494933E9BEDD}.Release|x64.ActiveCfg = Release|Any CPU
		{6E19E13F-8B9F-4765-896B-494933E9BEDD}.Release|x64.Build.0 = Release|Any CPU
		{93DCBEF1-D72F-4A45-8711-5E111AB7E52E}.Debug|Any CPU.ActiveCfg = Debug|Any CPU
		{93DCBEF1-D72F-4A45-8711-5E111AB7E52E}.Debug|Any CPU.Build.0 = Debug|Any CPU
		{93DCBEF1-D72F-4A45-8711-5E111AB7E52E}.Debug|x64.ActiveCfg = Debug|Any CPU
		{93DCBEF1-D72F-4A45-8711-5E111AB7E52E}.Debug|x64.Build.0 = Debug|Any CPU
		{93DCBEF1-D72F-4A45-8711-5E111AB7E52E}.Release|Any CPU.ActiveCfg = Release|Any CPU
		{93DCBEF1-D72F-4A45-8711-5E111AB7E52E}.Release|Any CPU.Build.0 = Release|Any CPU
		{93DCBEF1-D72F-4A45-8711-5E111AB7E52E}.Release|x64.ActiveCfg = Release|Any CPU
		{93DCBEF1-D72F-4A45-8711-5E111AB7E52E}.Release|x64.Build.0 = Release|Any CPU
		{8EA9F43D-3B41-40A4-88D7-68AF33F90C55}.Debug|Any CPU.ActiveCfg = Debug|Any CPU
		{8EA9F43D-3B41-40A4-88D7-68AF33F90C55}.Debug|Any CPU.Build.0 = Debug|Any CPU
		{8EA9F43D-3B41-40A4-88D7-68AF33F90C55}.Debug|x64.ActiveCfg = Debug|Any CPU
		{8EA9F43D-3B41-40A4-88D7-68AF33F90C55}.Debug|x64.Build.0 = Debug|Any CPU
		{8EA9F43D-3B41-40A4-88D7-68AF33F90C55}.Release|Any CPU.ActiveCfg = Release|Any CPU
		{8EA9F43D-3B41-40A4-88D7-68AF33F90C55}.Release|Any CPU.Build.0 = Release|Any CPU
		{8EA9F43D-3B41-40A4-88D7-68AF33F90C55}.Release|x64.ActiveCfg = Release|Any CPU
		{8EA9F43D-3B41-40A4-88D7-68AF33F90C55}.Release|x64.Build.0 = Release|Any CPU
		{D4798BDA-F42D-4CD2-B744-DCF1FA923E09}.Debug|Any CPU.ActiveCfg = Debug|Any CPU
		{D4798BDA-F42D-4CD2-B744-DCF1FA923E09}.Debug|Any CPU.Build.0 = Debug|Any CPU
		{D4798BDA-F42D-4CD2-B744-DCF1FA923E09}.Debug|x64.ActiveCfg = Debug|Any CPU
		{D4798BDA-F42D-4CD2-B744-DCF1FA923E09}.Debug|x64.Build.0 = Debug|Any CPU
		{D4798BDA-F42D-4CD2-B744-DCF1FA923E09}.Release|Any CPU.ActiveCfg = Release|Any CPU
		{D4798BDA-F42D-4CD2-B744-DCF1FA923E09}.Release|Any CPU.Build.0 = Release|Any CPU
		{D4798BDA-F42D-4CD2-B744-DCF1FA923E09}.Release|x64.ActiveCfg = Release|Any CPU
		{D4798BDA-F42D-4CD2-B744-DCF1FA923E09}.Release|x64.Build.0 = Release|Any CPU
		{AE79027E-6B48-4780-9221-D91A8F23F889}.Debug|Any CPU.ActiveCfg = Debug|Any CPU
		{AE79027E-6B48-4780-9221-D91A8F23F889}.Debug|Any CPU.Build.0 = Debug|Any CPU
		{AE79027E-6B48-4780-9221-D91A8F23F889}.Debug|x64.ActiveCfg = Debug|Any CPU
		{AE79027E-6B48-4780-9221-D91A8F23F889}.Debug|x64.Build.0 = Debug|Any CPU
		{AE79027E-6B48-4780-9221-D91A8F23F889}.Release|Any CPU.ActiveCfg = Release|Any CPU
		{AE79027E-6B48-4780-9221-D91A8F23F889}.Release|Any CPU.Build.0 = Release|Any CPU
		{AE79027E-6B48-4780-9221-D91A8F23F889}.Release|x64.ActiveCfg = Release|Any CPU
		{AE79027E-6B48-4780-9221-D91A8F23F889}.Release|x64.Build.0 = Release|Any CPU
		{CEEC154A-1A13-4BCB-ABF5-5CED02E0C145}.Debug|Any CPU.ActiveCfg = Debug|Any CPU
		{CEEC154A-1A13-4BCB-ABF5-5CED02E0C145}.Debug|Any CPU.Build.0 = Debug|Any CPU
		{CEEC154A-1A13-4BCB-ABF5-5CED02E0C145}.Debug|x64.ActiveCfg = Debug|Any CPU
		{CEEC154A-1A13-4BCB-ABF5-5CED02E0C145}.Debug|x64.Build.0 = Debug|Any CPU
		{CEEC154A-1A13-4BCB-ABF5-5CED02E0C145}.Release|Any CPU.ActiveCfg = Release|Any CPU
		{CEEC154A-1A13-4BCB-ABF5-5CED02E0C145}.Release|Any CPU.Build.0 = Release|Any CPU
		{CEEC154A-1A13-4BCB-ABF5-5CED02E0C145}.Release|x64.ActiveCfg = Release|Any CPU
		{CEEC154A-1A13-4BCB-ABF5-5CED02E0C145}.Release|x64.Build.0 = Release|Any CPU
	EndGlobalSection
	GlobalSection(SolutionProperties) = preSolution
		HideSolutionNode = FALSE
	EndGlobalSection
	GlobalSection(NestedProjects) = preSolution
		{0570C44D-C571-4159-BB6A-6570B14F492A} = {1E5B97B6-4461-4C98-AD3C-DA1F07C05F00}
		{6E19E13F-8B9F-4765-896B-494933E9BEDD} = {64752822-5B55-4D0B-B98E-EBCC886F7024}
		{93DCBEF1-D72F-4A45-8711-5E111AB7E52E} = {0D9248EC-4CB7-4849-883B-85BA847A46BC}
		{8EA9F43D-3B41-40A4-88D7-68AF33F90C55} = {0D9248EC-4CB7-4849-883B-85BA847A46BC}
		{D4798BDA-F42D-4CD2-B744-DCF1FA923E09} = {0D9248EC-4CB7-4849-883B-85BA847A46BC}
		{AE79027E-6B48-4780-9221-D91A8F23F889} = {F2271A82-AF59-435B-BD7C-E7179692C000}
		{CEEC154A-1A13-4BCB-ABF5-5CED02E0C145} = {F2271A82-AF59-435B-BD7C-E7179692C000}
	EndGlobalSection
EndGlobal
