
Microsoft Visual Studio Solution File, Format Version 12.00
# Visual Studio 15
VisualStudioVersion = 15.0.27130.0
MinimumVisualStudioVersion = 10.0.40219.1
Project("{9A19103F-16F7-4668-BE54-9A1E7A4F7556}") = "MedicalWebsite", "MedicalWebsite\MedicalWebsite.csproj", "{3BEFDD66-5F2D-4B19-ADDA-75C89EDE6624}"
EndProject
Project("{9A19103F-16F7-4668-BE54-9A1E7A4F7556}") = "SamplesApi", "SamplesApi\SamplesApi.csproj", "{3582C502-344D-42EE-ADF8-7DC19EF7F8BD}"
EndProject
Global
	GlobalSection(SolutionConfigurationPlatforms) = preSolution
		Debug|Any CPU = Debug|Any CPU
		Release|Any CPU = Release|Any CPU
	EndGlobalSection
	GlobalSection(ProjectConfigurationPlatforms) = postSolution
		{3BEFDD66-5F2D-4B19-ADDA-75C89EDE6624}.Debug|Any CPU.ActiveCfg = Debug|Any CPU
		{3BEFDD66-5F2D-4B19-ADDA-75C89EDE6624}.Debug|Any CPU.Build.0 = Debug|Any CPU
		{3BEFDD66-5F2D-4B19-ADDA-75C89EDE6624}.Release|Any CPU.ActiveCfg = Release|Any CPU
		{3BEFDD66-5F2D-4B19-ADDA-75C89EDE6624}.Release|Any CPU.Build.0 = Release|Any CPU
		{3582C502-344D-42EE-ADF8-7DC19EF7F8BD}.Debug|Any CPU.ActiveCfg = Debug|Any CPU
		{3582C502-344D-42EE-ADF8-7DC19EF7F8BD}.Debug|Any CPU.Build.0 = Debug|Any CPU
		{3582C502-344D-42EE-ADF8-7DC19EF7F8BD}.Release|Any CPU.ActiveCfg = Release|Any CPU
		{3582C502-344D-42EE-ADF8-7DC19EF7F8BD}.Release|Any CPU.Build.0 = Release|Any CPU
	EndGlobalSection
	GlobalSection(SolutionProperties) = preSolution
		HideSolutionNode = FALSE
	EndGlobalSection
	GlobalSection(ExtensibilityGlobals) = postSolution
		SolutionGuid = {166B3F88-E438-4316-A2FC-D974E1CA78B2}
	EndGlobalSection
EndGlobal
