
Microsoft Visual Studio Solution File, Format Version 12.00
# Visual Studio 15
VisualStudioVersion = 15.0.27130.0
MinimumVisualStudioVersion = 10.0.40219.1
Project("{2150E333-8FDC-42A3-9474-1A3956D46DE8}") = "04. Website", "04. Website", "{44F01737-7919-4A99-AD58-B833939F6C05}"
EndProject
Project("{9A19103F-16F7-4668-BE54-9A1E7A4F7556}") = "WebsiteProtection", "WebsiteProtection\WebsiteProtection.csproj", "{A55CBD4C-DD8B-4725-8A4C-C239A2228135}"
EndProject
Project("{2150E333-8FDC-42A3-9474-1A3956D46DE8}") = "01. Openid", "01. Openid", "{02052DE9-EC71-4852-82E3-E09E26146748}"
EndProject
Project("{9A19103F-16F7-4668-BE54-9A1E7A4F7556}") = "OpenIdMigration.Common", "..\..\Migrations\OpenIdMigration\Common\OpenIdMigration.Common.csproj", "{A85EFC47-3A14-4867-A3AD-D0383D3AE390}"
EndProject
Project("{9A19103F-16F7-4668-BE54-9A1E7A4F7556}") = "WebsiteProtection.OpenIdProvider", "OpenIdProvider\WebsiteProtection.OpenIdProvider.csproj", "{1ECBFC0A-A6CF-47AF-8080-F1104A28BE3B}"
EndProject
Project("{2150E333-8FDC-42A3-9474-1A3956D46DE8}") = "02. Uma", "02. Uma", "{F1EC92EF-EF02-42FA-94F5-401663E39B45}"
EndProject
Project("{9A19103F-16F7-4668-BE54-9A1E7A4F7556}") = "WebsiteProtection.UmaProvider", "UmaProvider\WebsiteProtection.UmaProvider.csproj", "{E5663EEF-98D0-4C08-B0D4-AE4D995839A0}"
EndProject
Project("{2150E333-8FDC-42A3-9474-1A3956D46DE8}") = "03. HierarchicalResource", "03. HierarchicalResource", "{0EB86828-2D1D-4AB5-8886-934EE6B1DA18}"
EndProject
Project("{9A19103F-16F7-4668-BE54-9A1E7A4F7556}") = "WebsiteProtection.HierarchicalResource", "HierarchicalResource\WebsiteProtection.HierarchicalResource.csproj", "{908FF683-F0D2-4BB9-8437-037D05225ED5}"
EndProject
Global
	GlobalSection(SolutionConfigurationPlatforms) = preSolution
		Debug|Any CPU = Debug|Any CPU
		Release|Any CPU = Release|Any CPU
	EndGlobalSection
	GlobalSection(ProjectConfigurationPlatforms) = postSolution
		{A55CBD4C-DD8B-4725-8A4C-C239A2228135}.Debug|Any CPU.ActiveCfg = Debug|Any CPU
		{A55CBD4C-DD8B-4725-8A4C-C239A2228135}.Debug|Any CPU.Build.0 = Debug|Any CPU
		{A55CBD4C-DD8B-4725-8A4C-C239A2228135}.Release|Any CPU.ActiveCfg = Release|Any CPU
		{A55CBD4C-DD8B-4725-8A4C-C239A2228135}.Release|Any CPU.Build.0 = Release|Any CPU
		{A85EFC47-3A14-4867-A3AD-D0383D3AE390}.Debug|Any CPU.ActiveCfg = Debug|Any CPU
		{A85EFC47-3A14-4867-A3AD-D0383D3AE390}.Debug|Any CPU.Build.0 = Debug|Any CPU
		{A85EFC47-3A14-4867-A3AD-D0383D3AE390}.Release|Any CPU.ActiveCfg = Release|Any CPU
		{A85EFC47-3A14-4867-A3AD-D0383D3AE390}.Release|Any CPU.Build.0 = Release|Any CPU
		{1ECBFC0A-A6CF-47AF-8080-F1104A28BE3B}.Debug|Any CPU.ActiveCfg = Debug|Any CPU
		{1ECBFC0A-A6CF-47AF-8080-F1104A28BE3B}.Debug|Any CPU.Build.0 = Debug|Any CPU
		{1ECBFC0A-A6CF-47AF-8080-F1104A28BE3B}.Release|Any CPU.ActiveCfg = Release|Any CPU
		{1ECBFC0A-A6CF-47AF-8080-F1104A28BE3B}.Release|Any CPU.Build.0 = Release|Any CPU
		{E5663EEF-98D0-4C08-B0D4-AE4D995839A0}.Debug|Any CPU.ActiveCfg = Debug|Any CPU
		{E5663EEF-98D0-4C08-B0D4-AE4D995839A0}.Debug|Any CPU.Build.0 = Debug|Any CPU
		{E5663EEF-98D0-4C08-B0D4-AE4D995839A0}.Release|Any CPU.ActiveCfg = Release|Any CPU
		{E5663EEF-98D0-4C08-B0D4-AE4D995839A0}.Release|Any CPU.Build.0 = Release|Any CPU
		{908FF683-F0D2-4BB9-8437-037D05225ED5}.Debug|Any CPU.ActiveCfg = Debug|Any CPU
		{908FF683-F0D2-4BB9-8437-037D05225ED5}.Debug|Any CPU.Build.0 = Debug|Any CPU
		{908FF683-F0D2-4BB9-8437-037D05225ED5}.Release|Any CPU.ActiveCfg = Release|Any CPU
		{908FF683-F0D2-4BB9-8437-037D05225ED5}.Release|Any CPU.Build.0 = Release|Any CPU
	EndGlobalSection
	GlobalSection(SolutionProperties) = preSolution
		HideSolutionNode = FALSE
	EndGlobalSection
	GlobalSection(NestedProjects) = preSolution
		{A55CBD4C-DD8B-4725-8A4C-C239A2228135} = {44F01737-7919-4A99-AD58-B833939F6C05}
		{A85EFC47-3A14-4867-A3AD-D0383D3AE390} = {02052DE9-EC71-4852-82E3-E09E26146748}
		{1ECBFC0A-A6CF-47AF-8080-F1104A28BE3B} = {02052DE9-EC71-4852-82E3-E09E26146748}
		{E5663EEF-98D0-4C08-B0D4-AE4D995839A0} = {F1EC92EF-EF02-42FA-94F5-401663E39B45}
		{908FF683-F0D2-4BB9-8437-037D05225ED5} = {0EB86828-2D1D-4AB5-8886-934EE6B1DA18}
	EndGlobalSection
	GlobalSection(ExtensibilityGlobals) = postSolution
		SolutionGuid = {C1E1BCD1-9A94-4D4B-9109-7276B31D19C5}
	EndGlobalSection
EndGlobal
